
Microsoft Visual Studio Solution File, Format Version 12.00
# Visual Studio Version 17
VisualStudioVersion = 17.12.35527.113 d17.12
MinimumVisualStudioVersion = 10.0.40219.1
Project("{FAE04EC0-301F-11D3-BF4B-00C04F79EFBC}") = "CL_CompressorImages", "CL_CompressorImages\CL_CompressorImages.csproj", "{053E57BA-5DCE-420D-A234-20EE5E73F2E8}"
EndProject
Project("{FAE04EC0-301F-11D3-BF4B-00C04F79EFBC}") = "CL_CompressorImages.Tests", "CL_CompressorImages.Tests\CL_CompressorImages.Tests.csproj", "{77C767D3-A658-4066-AA68-BEB7D47E6694}"
EndProject
Global
	GlobalSection(SolutionConfigurationPlatforms) = preSolution
		Debug|Any CPU = Debug|Any CPU
		Release|Any CPU = Release|Any CPU
	EndGlobalSection
	GlobalSection(ProjectConfigurationPlatforms) = postSolution
		{053E57BA-5DCE-420D-A234-20EE5E73F2E8}.Debug|Any CPU.ActiveCfg = Debug|Any CPU
		{053E57BA-5DCE-420D-A234-20EE5E73F2E8}.Debug|Any CPU.Build.0 = Debug|Any CPU
		{053E57BA-5DCE-420D-A234-20EE5E73F2E8}.Release|Any CPU.ActiveCfg = Release|Any CPU
		{053E57BA-5DCE-420D-A234-20EE5E73F2E8}.Release|Any CPU.Build.0 = Release|Any CPU
		{77C767D3-A658-4066-AA68-BEB7D47E6694}.Debug|Any CPU.ActiveCfg = Debug|Any CPU
		{77C767D3-A658-4066-AA68-BEB7D47E6694}.Debug|Any CPU.Build.0 = Debug|Any CPU
		{77C767D3-A658-4066-AA68-BEB7D47E6694}.Release|Any CPU.ActiveCfg = Release|Any CPU
		{77C767D3-A658-4066-AA68-BEB7D47E6694}.Release|Any CPU.Build.0 = Release|Any CPU
	EndGlobalSection
	GlobalSection(SolutionProperties) = preSolution
		HideSolutionNode = FALSE
	EndGlobalSection
EndGlobal
